
Microsoft Visual Studio Solution File, Format Version 12.00
# Visual Studio Version 16
VisualStudioVersion = 16.0.34729.46
MinimumVisualStudioVersion = 10.0.40219.1
Project("{FAE04EC0-301F-11D3-BF4B-00C04F79EFBC}") = "ModelsInMVC", "ModelsInMVC\ModelsInMVC.csproj", "{D98C63E4-BC19-4584-9BA5-FA2BBE3872A6}"
EndProject
Global
	GlobalSection(SolutionConfigurationPlatforms) = preSolution
		Debug|Any CPU = Debug|Any CPU
		Release|Any CPU = Release|Any CPU
	EndGlobalSection
	GlobalSection(ProjectConfigurationPlatforms) = postSolution
		{D98C63E4-BC19-4584-9BA5-FA2BBE3872A6}.Debug|Any CPU.ActiveCfg = Debug|Any CPU
		{D98C63E4-BC19-4584-9BA5-FA2BBE3872A6}.Debug|Any CPU.Build.0 = Debug|Any CPU
		{D98C63E4-BC19-4584-9BA5-FA2BBE3872A6}.Release|Any CPU.ActiveCfg = Release|Any CPU
		{D98C63E4-BC19-4584-9BA5-FA2BBE3872A6}.Release|Any CPU.Build.0 = Release|Any CPU
	EndGlobalSection
	GlobalSection(SolutionProperties) = preSolution
		HideSolutionNode = FALSE
	EndGlobalSection
	GlobalSection(ExtensibilityGlobals) = postSolution
		SolutionGuid = {1E03B042-A721-4580-8CF2-BE3404314F22}
	EndGlobalSection
EndGlobal
